
Microsoft Visual Studio Solution File, Format Version 12.00
# Visual Studio Version 17
VisualStudioVersion = 17.5.33424.131
MinimumVisualStudioVersion = 10.0.40219.1
Project("{FAE04EC0-301F-11D3-BF4B-00C04F79EFBC}") = "FgoAssetsDownloader", "FgoAssetsDownloader.csproj", "{B2541153-93D5-4F02-896F-1A0AA2EFF295}"
EndProject
Global
	GlobalSection(SolutionConfigurationPlatforms) = preSolution
		Debug|Any CPU = Debug|Any CPU
		Release|Any CPU = Release|Any CPU
	EndGlobalSection
	GlobalSection(ProjectConfigurationPlatforms) = postSolution
		{B2541153-93D5-4F02-896F-1A0AA2EFF295}.Debug|Any CPU.ActiveCfg = Debug|Any CPU
		{B2541153-93D5-4F02-896F-1A0AA2EFF295}.Debug|Any CPU.Build.0 = Debug|Any CPU
		{B2541153-93D5-4F02-896F-1A0AA2EFF295}.Release|Any CPU.ActiveCfg = Release|Any CPU
		{B2541153-93D5-4F02-896F-1A0AA2EFF295}.Release|Any CPU.Build.0 = Release|Any CPU
	EndGlobalSection
	GlobalSection(SolutionProperties) = preSolution
		HideSolutionNode = FALSE
	EndGlobalSection
	GlobalSection(ExtensibilityGlobals) = postSolution
		SolutionGuid = {70294333-13D8-499F-A14E-1B075BB3B0F0}
	EndGlobalSection
EndGlobal
